// !$*UTF8*$!
{
	archiveVersion = 1;
	classes = {
	};
	objectVersion = 55;
	objects = {

/* Begin PBXBuildFile section */
		9CE93CF2277C747F00E77307 /* VertexBuffer.cpp in Sources */ = {isa = PBXBuildFile; fileRef = 9CE93CE9277C747E00E77307 /* VertexBuffer.cpp */; };
		9CE93CF3277C747F00E77307 /* Renderer.cpp in Sources */ = {isa = PBXBuildFile; fileRef = 9CE93CEA277C747E00E77307 /* Renderer.cpp */; };
		9CE93CF4277C747F00E77307 /* Application.cpp in Sources */ = {isa = PBXBuildFile; fileRef = 9CE93CEC277C747E00E77307 /* Application.cpp */; };
		9CE93CF5277C747F00E77307 /* Texture.cpp in Sources */ = {isa = PBXBuildFile; fileRef = 9CE93CED277C747E00E77307 /* Texture.cpp */; };
		9CE93CF6277C747F00E77307 /* Shader.cpp in Sources */ = {isa = PBXBuildFile; fileRef = 9CE93CEE277C747E00E77307 /* Shader.cpp */; };
		9CE93CF7277C747F00E77307 /* IndexBuffer.cpp in Sources */ = {isa = PBXBuildFile; fileRef = 9CE93CEF277C747E00E77307 /* IndexBuffer.cpp */; };
		9CE93CF8277C747F00E77307 /* VertexArray.cpp in Sources */ = {isa = PBXBuildFile; fileRef = 9CE93CF0277C747E00E77307 /* VertexArray.cpp */; };
		9CE93CF9277C747F00E77307 /* VertexBufferLayout.cpp in Sources */ = {isa = PBXBuildFile; fileRef = 9CE93CF1277C747E00E77307 /* VertexBufferLayout.cpp */; };
		9CE93CFE277C751800E77307 /* OpenGL.framework in Frameworks */ = {isa = PBXBuildFile; fileRef = 9CE93CFD277C751800E77307 /* OpenGL.framework */; };
		9CE93D00277C755700E77307 /* libGLEW.2.2.0.dylib in Frameworks */ = {isa = PBXBuildFile; fileRef = 9CE93CFF277C755700E77307 /* libGLEW.2.2.0.dylib */; };
		9CE93D02277C756900E77307 /* libglfw.3.3.dylib in Frameworks */ = {isa = PBXBuildFile; fileRef = 9CE93D01277C756900E77307 /* libglfw.3.3.dylib */; };
/* End PBXBuildFile section */

/* Begin PBXCopyFilesBuildPhase section */
		9CE93CCD277C734100E77307 /* CopyFiles */ = {
			isa = PBXCopyFilesBuildPhase;
			buildActionMask = 2147483647;
			dstPath = /usr/share/man/man1/;
			dstSubfolderSpec = 0;
			files = (
			);
			runOnlyForDeploymentPostprocessing = 1;
		};
/* End PBXCopyFilesBuildPhase section */

/* Begin PBXFileReference section */
		9CE93CCF277C734100E77307 /* OpenGL */ = {isa = PBXFileReference; explicitFileType = "compiled.mach-o.executable"; includeInIndex = 0; path = OpenGL; sourceTree = BUILT_PRODUCTS_DIR; };
		9CE93CE0277C742200E77307 /* IndexBuffer.hpp */ = {isa = PBXFileReference; lastKnownFileType = sourcecode.cpp.h; path = IndexBuffer.hpp; sourceTree = "<group>"; };
		9CE93CE1277C743800E77307 /* Texture.hpp */ = {isa = PBXFileReference; lastKnownFileType = sourcecode.cpp.h; path = Texture.hpp; sourceTree = "<group>"; };
		9CE93CE2277C743800E77307 /* Renderer.hpp */ = {isa = PBXFileReference; lastKnownFileType = sourcecode.cpp.h; path = Renderer.hpp; sourceTree = "<group>"; };
		9CE93CE3277C743800E77307 /* VertexArray.hpp */ = {isa = PBXFileReference; lastKnownFileType = sourcecode.cpp.h; path = VertexArray.hpp; sourceTree = "<group>"; };
		9CE93CE4277C743800E77307 /* Shader.hpp */ = {isa = PBXFileReference; lastKnownFileType = sourcecode.cpp.h; path = Shader.hpp; sourceTree = "<group>"; };
		9CE93CE5277C743800E77307 /* VertexBuffer.hpp */ = {isa = PBXFileReference; lastKnownFileType = sourcecode.cpp.h; path = VertexBuffer.hpp; sourceTree = "<group>"; };
		9CE93CE6277C744C00E77307 /* VertexBufferElement.hpp */ = {isa = PBXFileReference; lastKnownFileType = sourcecode.cpp.h; path = VertexBufferElement.hpp; sourceTree = "<group>"; };
		9CE93CE7277C744C00E77307 /* VertexBufferLayout.hpp */ = {isa = PBXFileReference; lastKnownFileType = sourcecode.cpp.h; path = VertexBufferLayout.hpp; sourceTree = "<group>"; };
		9CE93CE8277C745F00E77307 /* vendor */ = {isa = PBXFileReference; lastKnownFileType = folder; path = vendor; sourceTree = "<group>"; };
		9CE93CE9277C747E00E77307 /* VertexBuffer.cpp */ = {isa = PBXFileReference; fileEncoding = 4; lastKnownFileType = sourcecode.cpp.cpp; path = VertexBuffer.cpp; sourceTree = "<group>"; };
		9CE93CEA277C747E00E77307 /* Renderer.cpp */ = {isa = PBXFileReference; fileEncoding = 4; lastKnownFileType = sourcecode.cpp.cpp; path = Renderer.cpp; sourceTree = "<group>"; };
		9CE93CEB277C747E00E77307 /* vendor */ = {isa = PBXFileReference; lastKnownFileType = folder; path = vendor; sourceTree = "<group>"; };
		9CE93CEC277C747E00E77307 /* Application.cpp */ = {isa = PBXFileReference; fileEncoding = 4; lastKnownFileType = sourcecode.cpp.cpp; path = Application.cpp; sourceTree = "<group>"; };
		9CE93CED277C747E00E77307 /* Texture.cpp */ = {isa = PBXFileReference; fileEncoding = 4; lastKnownFileType = sourcecode.cpp.cpp; path = Texture.cpp; sourceTree = "<group>"; };
		9CE93CEE277C747E00E77307 /* Shader.cpp */ = {isa = PBXFileReference; fileEncoding = 4; lastKnownFileType = sourcecode.cpp.cpp; path = Shader.cpp; sourceTree = "<group>"; };
		9CE93CEF277C747E00E77307 /* IndexBuffer.cpp */ = {isa = PBXFileReference; fileEncoding = 4; lastKnownFileType = sourcecode.cpp.cpp; path = IndexBuffer.cpp; sourceTree = "<group>"; };
		9CE93CF0277C747E00E77307 /* VertexArray.cpp */ = {isa = PBXFileReference; fileEncoding = 4; lastKnownFileType = sourcecode.cpp.cpp; path = VertexArray.cpp; sourceTree = "<group>"; };
		9CE93CF1277C747E00E77307 /* VertexBufferLayout.cpp */ = {isa = PBXFileReference; fileEncoding = 4; lastKnownFileType = sourcecode.cpp.cpp; path = VertexBufferLayout.cpp; sourceTree = "<group>"; };
		9CE93CFA277C74B100E77307 /* BasicShader.shader */ = {isa = PBXFileReference; lastKnownFileType = text; path = BasicShader.shader; sourceTree = "<group>"; };
		9CE93CFB277C74BD00E77307 /* container.jpeg */ = {isa = PBXFileReference; lastKnownFileType = image.jpeg; path = container.jpeg; sourceTree = "<group>"; };
		9CE93CFD277C751800E77307 /* OpenGL.framework */ = {isa = PBXFileReference; lastKnownFileType = wrapper.framework; name = OpenGL.framework; path = System/Library/Frameworks/OpenGL.framework; sourceTree = SDKROOT; };
		9CE93CFF277C755700E77307 /* libGLEW.2.2.0.dylib */ = {isa = PBXFileReference; lastKnownFileType = "compiled.mach-o.dylib"; name = libGLEW.2.2.0.dylib; path = ../../../usr/local/Cellar/glew/2.2.0_1/lib/libGLEW.2.2.0.dylib; sourceTree = "<group>"; };
		9CE93D01277C756900E77307 /* libglfw.3.3.dylib */ = {isa = PBXFileReference; lastKnownFileType = "compiled.mach-o.dylib"; name = libglfw.3.3.dylib; path = ../../../usr/local/Cellar/glfw/3.3.6/lib/libglfw.3.3.dylib; sourceTree = "<group>"; };
/* End PBXFileReference section */

/* Begin PBXFrameworksBuildPhase section */
		9CE93CCC277C734100E77307 /* Frameworks */ = {
			isa = PBXFrameworksBuildPhase;
			buildActionMask = 2147483647;
			files = (
				9CE93D02277C756900E77307 /* libglfw.3.3.dylib in Frameworks */,
				9CE93D00277C755700E77307 /* libGLEW.2.2.0.dylib in Frameworks */,
				9CE93CFE277C751800E77307 /* OpenGL.framework in Frameworks */,
			);
			runOnlyForDeploymentPostprocessing = 0;
		};
/* End PBXFrameworksBuildPhase section */

/* Begin PBXGroup section */
		9CE93CC6277C734100E77307 = {
			isa = PBXGroup;
			children = (
				9CE93CD1277C734100E77307 /* OpenGL */,
				9CE93CD0277C734100E77307 /* Products */,
				9CE93CFC277C751800E77307 /* Frameworks */,
			);
			sourceTree = "<group>";
		};
		9CE93CD0277C734100E77307 /* Products */ = {
			isa = PBXGroup;
			children = (
				9CE93CCF277C734100E77307 /* OpenGL */,
			);
			name = Products;
			sourceTree = "<group>";
		};
		9CE93CD1277C734100E77307 /* OpenGL */ = {
			isa = PBXGroup;
			children = (
				9CE93CDB277C736000E77307 /* src */,
				9CE93CDA277C735700E77307 /* include */,
				9CE93CD9277C734D00E77307 /* assets */,
			);
			path = OpenGL;
			sourceTree = "<group>";
		};
		9CE93CD9277C734D00E77307 /* assets */ = {
			isa = PBXGroup;
			children = (
				9CE93CDE277C73B900E77307 /* textures */,
				9CE93CDD277C73B000E77307 /* shaders */,
			);
			path = assets;
			sourceTree = "<group>";
		};
		9CE93CDA277C735700E77307 /* include */ = {
			isa = PBXGroup;
			children = (
				9CE93CE8277C745F00E77307 /* vendor */,
				9CE93CE6277C744C00E77307 /* VertexBufferElement.hpp */,
				9CE93CE7277C744C00E77307 /* VertexBufferLayout.hpp */,
				9CE93CE2277C743800E77307 /* Renderer.hpp */,
				9CE93CE4277C743800E77307 /* Shader.hpp */,
				9CE93CE1277C743800E77307 /* Texture.hpp */,
				9CE93CE3277C743800E77307 /* VertexArray.hpp */,
				9CE93CE5277C743800E77307 /* VertexBuffer.hpp */,
				9CE93CE0277C742200E77307 /* IndexBuffer.hpp */,
			);
			path = include;
			sourceTree = "<group>";
		};
		9CE93CDB277C736000E77307 /* src */ = {
			isa = PBXGroup;
			children = (
				9CE93CEB277C747E00E77307 /* vendor */,
				9CE93CEC277C747E00E77307 /* Application.cpp */,
				9CE93CEF277C747E00E77307 /* IndexBuffer.cpp */,
				9CE93CEA277C747E00E77307 /* Renderer.cpp */,
				9CE93CEE277C747E00E77307 /* Shader.cpp */,
				9CE93CED277C747E00E77307 /* Texture.cpp */,
				9CE93CF0277C747E00E77307 /* VertexArray.cpp */,
				9CE93CE9277C747E00E77307 /* VertexBuffer.cpp */,
				9CE93CF1277C747E00E77307 /* VertexBufferLayout.cpp */,
			);
			path = src;
			sourceTree = "<group>";
		};
		9CE93CDD277C73B000E77307 /* shaders */ = {
			isa = PBXGroup;
			children = (
				9CE93CFA277C74B100E77307 /* BasicShader.shader */,
			);
			path = shaders;
			sourceTree = "<group>";
		};
		9CE93CDE277C73B900E77307 /* textures */ = {
			isa = PBXGroup;
			children = (
				9CE93CFB277C74BD00E77307 /* container.jpeg */,
			);
			path = textures;
			sourceTree = "<group>";
		};
		9CE93CFC277C751800E77307 /* Frameworks */ = {
			isa = PBXGroup;
			children = (
				9CE93D01277C756900E77307 /* libglfw.3.3.dylib */,
				9CE93CFF277C755700E77307 /* libGLEW.2.2.0.dylib */,
				9CE93CFD277C751800E77307 /* OpenGL.framework */,
			);
			name = Frameworks;
			sourceTree = "<group>";
		};
/* End PBXGroup section */

/* Begin PBXNativeTarget section */
		9CE93CCE277C734100E77307 /* OpenGL */ = {
			isa = PBXNativeTarget;
			buildConfigurationList = 9CE93CD6277C734200E77307 /* Build configuration list for PBXNativeTarget "OpenGL" */;
			buildPhases = (
				9CE93CCB277C734100E77307 /* Sources */,
				9CE93CCC277C734100E77307 /* Frameworks */,
				9CE93CCD277C734100E77307 /* CopyFiles */,
			);
			buildRules = (
			);
			dependencies = (
			);
			name = OpenGL;
			productName = OpenGL;
			productReference = 9CE93CCF277C734100E77307 /* OpenGL */;
			productType = "com.apple.product-type.tool";
		};
/* End PBXNativeTarget section */

/* Begin PBXProject section */
		9CE93CC7277C734100E77307 /* Project object */ = {
			isa = PBXProject;
			attributes = {
				BuildIndependentTargetsInParallel = 1;
				LastUpgradeCheck = 1320;
				TargetAttributes = {
					9CE93CCE277C734100E77307 = {
						CreatedOnToolsVersion = 13.2.1;
					};
				};
			};
			buildConfigurationList = 9CE93CCA277C734100E77307 /* Build configuration list for PBXProject "OpenGL" */;
			compatibilityVersion = "Xcode 13.0";
			developmentRegion = en;
			hasScannedForEncodings = 0;
			knownRegions = (
				en,
				Base,
			);
			mainGroup = 9CE93CC6277C734100E77307;
			productRefGroup = 9CE93CD0277C734100E77307 /* Products */;
			projectDirPath = "";
			projectRoot = "";
			targets = (
				9CE93CCE277C734100E77307 /* OpenGL */,
			);
		};
/* End PBXProject section */

/* Begin PBXSourcesBuildPhase section */
		9CE93CCB277C734100E77307 /* Sources */ = {
			isa = PBXSourcesBuildPhase;
			buildActionMask = 2147483647;
			files = (
				9CE93CF5277C747F00E77307 /* Texture.cpp in Sources */,
				9CE93CF4277C747F00E77307 /* Application.cpp in Sources */,
				9CE93CF3277C747F00E77307 /* Renderer.cpp in Sources */,
				9CE93CF9277C747F00E77307 /* VertexBufferLayout.cpp in Sources */,
				9CE93CF7277C747F00E77307 /* IndexBuffer.cpp in Sources */,
				9CE93CF8277C747F00E77307 /* VertexArray.cpp in Sources */,
				9CE93CF6277C747F00E77307 /* Shader.cpp in Sources */,
				9CE93CF2277C747F00E77307 /* VertexBuffer.cpp in Sources */,
			);
			runOnlyForDeploymentPostprocessing = 0;
		};
/* End PBXSourcesBuildPhase section */

/* Begin XCBuildConfiguration section */
		9CE93CD4277C734200E77307 /* Debug */ = {
			isa = XCBuildConfiguration;
			buildSettings = {
				ALWAYS_SEARCH_USER_PATHS = NO;
				CLANG_ANALYZER_NONNULL = YES;
				CLANG_ANALYZER_NUMBER_OBJECT_CONVERSION = YES_AGGRESSIVE;
				CLANG_CXX_LANGUAGE_STANDARD = "gnu++17";
				CLANG_CXX_LIBRARY = "libc++";
				CLANG_ENABLE_MODULES = YES;
				CLANG_ENABLE_OBJC_ARC = YES;
				CLANG_ENABLE_OBJC_WEAK = YES;
				CLANG_WARN_BLOCK_CAPTURE_AUTORELEASING = YES;
				CLANG_WARN_BOOL_CONVERSION = YES;
				CLANG_WARN_COMMA = YES;
				CLANG_WARN_CONSTANT_CONVERSION = YES;
				CLANG_WARN_DEPRECATED_OBJC_IMPLEMENTATIONS = YES;
				CLANG_WARN_DIRECT_OBJC_ISA_USAGE = YES_ERROR;
				CLANG_WARN_DOCUMENTATION_COMMENTS = YES;
				CLANG_WARN_EMPTY_BODY = YES;
				CLANG_WARN_ENUM_CONVERSION = YES;
				CLANG_WARN_INFINITE_RECURSION = YES;
				CLANG_WARN_INT_CONVERSION = YES;
				CLANG_WARN_NON_LITERAL_NULL_CONVERSION = YES;
				CLANG_WARN_OBJC_IMPLICIT_RETAIN_SELF = YES;
				CLANG_WARN_OBJC_LITERAL_CONVERSION = YES;
				CLANG_WARN_OBJC_ROOT_CLASS = YES_ERROR;
				CLANG_WARN_QUOTED_INCLUDE_IN_FRAMEWORK_HEADER = YES;
				CLANG_WARN_RANGE_LOOP_ANALYSIS = YES;
				CLANG_WARN_STRICT_PROTOTYPES = YES;
				CLANG_WARN_SUSPICIOUS_MOVE = YES;
				CLANG_WARN_UNGUARDED_AVAILABILITY = YES_AGGRESSIVE;
				CLANG_WARN_UNREACHABLE_CODE = YES;
				CLANG_WARN__DUPLICATE_METHOD_MATCH = YES;
				COPY_PHASE_STRIP = NO;
				DEBUG_INFORMATION_FORMAT = dwarf;
				ENABLE_STRICT_OBJC_MSGSEND = YES;
				ENABLE_TESTABILITY = YES;
				GCC_C_LANGUAGE_STANDARD = gnu11;
				GCC_DYNAMIC_NO_PIC = NO;
				GCC_NO_COMMON_BLOCKS = YES;
				GCC_OPTIMIZATION_LEVEL = 0;
				GCC_PREPROCESSOR_DEFINITIONS = (
					"DEBUG=1",
					"$(inherited)",
				);
				GCC_WARN_64_TO_32_BIT_CONVERSION = YES;
				GCC_WARN_ABOUT_RETURN_TYPE = YES_ERROR;
				GCC_WARN_UNDECLARED_SELECTOR = YES;
				GCC_WARN_UNINITIALIZED_AUTOS = YES_AGGRESSIVE;
				GCC_WARN_UNUSED_FUNCTION = YES;
				GCC_WARN_UNUSED_VARIABLE = YES;
				MACOSX_DEPLOYMENT_TARGET = 12.1;
				MTL_ENABLE_DEBUG_INFO = INCLUDE_SOURCE;
				MTL_FAST_MATH = YES;
				ONLY_ACTIVE_ARCH = YES;
				SDKROOT = macosx;
			};
			name = Debug;
		};
		9CE93CD5277C734200E77307 /* Release */ = {
			isa = XCBuildConfiguration;
			buildSettings = {
				ALWAYS_SEARCH_USER_PATHS = NO;
				CLANG_ANALYZER_NONNULL = YES;
				CLANG_ANALYZER_NUMBER_OBJECT_CONVERSION = YES_AGGRESSIVE;
				CLANG_CXX_LANGUAGE_STANDARD = "gnu++17";
				CLANG_CXX_LIBRARY = "libc++";
				CLANG_ENABLE_MODULES = YES;
				CLANG_ENABLE_OBJC_ARC = YES;
				CLANG_ENABLE_OBJC_WEAK = YES;
				CLANG_WARN_BLOCK_CAPTURE_AUTORELEASING = YES;
				CLANG_WARN_BOOL_CONVERSION = YES;
				CLANG_WARN_COMMA = YES;
				CLANG_WARN_CONSTANT_CONVERSION = YES;
				CLANG_WARN_DEPRECATED_OBJC_IMPLEMENTATIONS = YES;
				CLANG_WARN_DIRECT_OBJC_ISA_USAGE = YES_ERROR;
				CLANG_WARN_DOCUMENTATION_COMMENTS = YES;
				CLANG_WARN_EMPTY_BODY = YES;
				CLANG_WARN_ENUM_CONVERSION = YES;
				CLANG_WARN_INFINITE_RECURSION = YES;
				CLANG_WARN_INT_CONVERSION = YES;
				CLANG_WARN_NON_LITERAL_NULL_CONVERSION = YES;
				CLANG_WARN_OBJC_IMPLICIT_RETAIN_SELF = YES;
				CLANG_WARN_OBJC_LITERAL_CONVERSION = YES;
				CLANG_WARN_OBJC_ROOT_CLASS = YES_ERROR;
				CLANG_WARN_QUOTED_INCLUDE_IN_FRAMEWORK_HEADER = YES;
				CLANG_WARN_RANGE_LOOP_ANALYSIS = YES;
				CLANG_WARN_STRICT_PROTOTYPES = YES;
				CLANG_WARN_SUSPICIOUS_MOVE = YES;
				CLANG_WARN_UNGUARDED_AVAILABILITY = YES_AGGRESSIVE;
				CLANG_WARN_UNREACHABLE_CODE = YES;
				CLANG_WARN__DUPLICATE_METHOD_MATCH = YES;
				COPY_PHASE_STRIP = NO;
				DEBUG_INFORMATION_FORMAT = "dwarf-with-dsym";
				ENABLE_NS_ASSERTIONS = NO;
				ENABLE_STRICT_OBJC_MSGSEND = YES;
				GCC_C_LANGUAGE_STANDARD = gnu11;
				GCC_NO_COMMON_BLOCKS = YES;
				GCC_WARN_64_TO_32_BIT_CONVERSION = YES;
				GCC_WARN_ABOUT_RETURN_TYPE = YES_ERROR;
				GCC_WARN_UNDECLARED_SELECTOR = YES;
				GCC_WARN_UNINITIALIZED_AUTOS = YES_AGGRESSIVE;
				GCC_WARN_UNUSED_FUNCTION = YES;
				GCC_WARN_UNUSED_VARIABLE = YES;
				MACOSX_DEPLOYMENT_TARGET = 12.1;
				MTL_ENABLE_DEBUG_INFO = NO;
				MTL_FAST_MATH = YES;
				SDKROOT = macosx;
			};
			name = Release;
		};
		9CE93CD7277C734200E77307 /* Debug */ = {
			isa = XCBuildConfiguration;
			buildSettings = {
				CODE_SIGN_STYLE = Automatic;
				HEADER_SEARCH_PATHS = /usr/local/include;
				LIBRARY_SEARCH_PATHS = (
					"$(inherited)",
					/usr/local/Cellar/glew/2.2.0_1/lib,
					/usr/local/Cellar/glfw/3.3.6/lib,
				);
				PRODUCT_NAME = "$(TARGET_NAME)";
			};
			name = Debug;
		};
		9CE93CD8277C734200E77307 /* Release */ = {
			isa = XCBuildConfiguration;
			buildSettings = {
				CODE_SIGN_STYLE = Automatic;
				HEADER_SEARCH_PATHS = /usr/local/include;
				LIBRARY_SEARCH_PATHS = (
					"$(inherited)",
					/usr/local/Cellar/glew/2.2.0_1/lib,
					/usr/local/Cellar/glfw/3.3.6/lib,
				);
				PRODUCT_NAME = "$(TARGET_NAME)";
			};
			name = Release;
		};
/* End XCBuildConfiguration section */

/* Begin XCConfigurationList section */
		9CE93CCA277C734100E77307 /* Build configuration list for PBXProject "OpenGL" */ = {
			isa = XCConfigurationList;
			buildConfigurations = (
				9CE93CD4277C734200E77307 /* Debug */,
				9CE93CD5277C734200E77307 /* Release */,
			);
			defaultConfigurationIsVisible = 0;
			defaultConfigurationName = Release;
		};
		9CE93CD6277C734200E77307 /* Build configuration list for PBXNativeTarget "OpenGL" */ = {
			isa = XCConfigurationList;
			buildConfigurations = (
				9CE93CD7277C734200E77307 /* Debug */,
				9CE93CD8277C734200E77307 /* Release */,
			);
			defaultConfigurationIsVisible = 0;
			defaultConfigurationName = Release;
		};
/* End XCConfigurationList section */
	};
	rootObject = 9CE93CC7277C734100E77307 /* Project object */;
}
